
Microsoft Visual Studio Solution File, Format Version 12.00
# Visual Studio 15
VisualStudioVersion = 15.0.28307.1000
MinimumVisualStudioVersion = 10.0.40219.1
Project("{FAE04EC0-301F-11D3-BF4B-00C04F79EFBC}") = "Layering", "Layering\Layering.csproj", "{F592CA97-C802-42EE-A650-9BA25C853003}"
EndProject
Project("{FAE04EC0-301F-11D3-BF4B-00C04F79EFBC}") = "Layering.BL", "Layering.BL\Layering.BL.csproj", "{268D98DB-B543-4919-9FE3-99AE65B41E7E}"
EndProject
Project("{FAE04EC0-301F-11D3-BF4B-00C04F79EFBC}") = "Layring.DL", "Layring.DL\Layring.DL.csproj", "{C208DB97-41A9-4A4D-8BE4-C8201B5093FF}"
EndProject
Project("{FAE04EC0-301F-11D3-BF4B-00C04F79EFBC}") = "Layring.EntityLayer", "Layring.EL\Layring.EntityLayer.csproj", "{B785EF01-F2F2-4EB6-A671-774B2A4382B7}"
EndProject
Global
	GlobalSection(SolutionConfigurationPlatforms) = preSolution
		Debug|Any CPU = Debug|Any CPU
		Release|Any CPU = Release|Any CPU
	EndGlobalSection
	GlobalSection(ProjectConfigurationPlatforms) = postSolution
		{F592CA97-C802-42EE-A650-9BA25C853003}.Debug|Any CPU.ActiveCfg = Debug|Any CPU
		{F592CA97-C802-42EE-A650-9BA25C853003}.Debug|Any CPU.Build.0 = Debug|Any CPU
		{F592CA97-C802-42EE-A650-9BA25C853003}.Release|Any CPU.ActiveCfg = Release|Any CPU
		{F592CA97-C802-42EE-A650-9BA25C853003}.Release|Any CPU.Build.0 = Release|Any CPU
		{268D98DB-B543-4919-9FE3-99AE65B41E7E}.Debug|Any CPU.ActiveCfg = Debug|Any CPU
		{268D98DB-B543-4919-9FE3-99AE65B41E7E}.Debug|Any CPU.Build.0 = Debug|Any CPU
		{268D98DB-B543-4919-9FE3-99AE65B41E7E}.Release|Any CPU.ActiveCfg = Release|Any CPU
		{268D98DB-B543-4919-9FE3-99AE65B41E7E}.Release|Any CPU.Build.0 = Release|Any CPU
		{C208DB97-41A9-4A4D-8BE4-C8201B5093FF}.Debug|Any CPU.ActiveCfg = Debug|Any CPU
		{C208DB97-41A9-4A4D-8BE4-C8201B5093FF}.Debug|Any CPU.Build.0 = Debug|Any CPU
		{C208DB97-41A9-4A4D-8BE4-C8201B5093FF}.Release|Any CPU.ActiveCfg = Release|Any CPU
		{C208DB97-41A9-4A4D-8BE4-C8201B5093FF}.Release|Any CPU.Build.0 = Release|Any CPU
		{B785EF01-F2F2-4EB6-A671-774B2A4382B7}.Debug|Any CPU.ActiveCfg = Debug|Any CPU
		{B785EF01-F2F2-4EB6-A671-774B2A4382B7}.Debug|Any CPU.Build.0 = Debug|Any CPU
		{B785EF01-F2F2-4EB6-A671-774B2A4382B7}.Release|Any CPU.ActiveCfg = Release|Any CPU
		{B785EF01-F2F2-4EB6-A671-774B2A4382B7}.Release|Any CPU.Build.0 = Release|Any CPU
	EndGlobalSection
	GlobalSection(SolutionProperties) = preSolution
		HideSolutionNode = FALSE
	EndGlobalSection
	GlobalSection(ExtensibilityGlobals) = postSolution
		SolutionGuid = {E0DA3982-C2F8-4803-9607-9BABC697256E}
	EndGlobalSection
EndGlobal
